
Microsoft Visual Studio Solution File, Format Version 12.00
# Visual Studio 15
VisualStudioVersion = 15.0.28307.705
MinimumVisualStudioVersion = 10.0.40219.1
Project("{9A19103F-16F7-4668-BE54-9A1E7A4F7556}") = "JetBrains.Profiler.SelfApi", "JetBrains.Profiler.SelfApi.csproj", "{F36E348D-3534-48AE-80E8-5A66D5AFDC98}"
EndProject
Global
	GlobalSection(SolutionConfigurationPlatforms) = preSolution
		Debug|Any CPU = Debug|Any CPU
		Release|Any CPU = Release|Any CPU
	EndGlobalSection
	GlobalSection(ProjectConfigurationPlatforms) = postSolution
		{F36E348D-3534-48AE-80E8-5A66D5AFDC98}.Debug|Any CPU.ActiveCfg = Debug|Any CPU
		{F36E348D-3534-48AE-80E8-5A66D5AFDC98}.Debug|Any CPU.Build.0 = Debug|Any CPU
		{F36E348D-3534-48AE-80E8-5A66D5AFDC98}.Release|Any CPU.ActiveCfg = Release|Any CPU
		{F36E348D-3534-48AE-80E8-5A66D5AFDC98}.Release|Any CPU.Build.0 = Release|Any CPU
	EndGlobalSection
	GlobalSection(SolutionProperties) = preSolution
		HideSolutionNode = FALSE
	EndGlobalSection
	GlobalSection(ExtensibilityGlobals) = postSolution
		SolutionGuid = {FEFFA598-62E8-43B2-B524-60945F735022}
	EndGlobalSection
EndGlobal
